// !$*UTF8*$!
{
	archiveVersion = 1;
	classes = {
	};
	objectVersion = 48;
	objects = {

/* Begin PBXBuildFile section */
		E76A59C51F2FD6E00061AE00 /* AppDelegate.swift in Sources */ = {isa = PBXBuildFile; fileRef = E76A59C41F2FD6E00061AE00 /* AppDelegate.swift */; };
		E76A59C71F2FD6E00061AE00 /* ViewController.swift in Sources */ = {isa = PBXBuildFile; fileRef = E76A59C61F2FD6E00061AE00 /* ViewController.swift */; };
		E76A59CA1F2FD6E00061AE00 /* Main.storyboard in Resources */ = {isa = PBXBuildFile; fileRef = E76A59C81F2FD6E00061AE00 /* Main.storyboard */; };
		E76A59CC1F2FD6E00061AE00 /* Assets.xcassets in Resources */ = {isa = PBXBuildFile; fileRef = E76A59CB1F2FD6E00061AE00 /* Assets.xcassets */; };
		E76A59CF1F2FD6E00061AE00 /* LaunchScreen.storyboard in Resources */ = {isa = PBXBuildFile; fileRef = E76A59CD1F2FD6E00061AE00 /* LaunchScreen.storyboard */; };
/* End PBXBuildFile section */

/* Begin PBXFileReference section */
		E76A59C11F2FD6E00061AE00 /* EnumMemoryLeak.app */ = {isa = PBXFileReference; explicitFileType = wrapper.application; includeInIndex = 0; path = EnumMemoryLeak.app; sourceTree = BUILT_PRODUCTS_DIR; };
		E76A59C41F2FD6E00061AE00 /* AppDelegate.swift */ = {isa = PBXFileReference; lastKnownFileType = sourcecode.swift; path = AppDelegate.swift; sourceTree = "<group>"; };
		E76A59C61F2FD6E00061AE00 /* ViewController.swift */ = {isa = PBXFileReference; lastKnownFileType = sourcecode.swift; path = ViewController.swift; sourceTree = "<group>"; };
		E76A59C91F2FD6E00061AE00 /* Base */ = {isa = PBXFileReference; lastKnownFileType = file.storyboard; name = Base; path = Base.lproj/Main.storyboard; sourceTree = "<group>"; };
		E76A59CB1F2FD6E00061AE00 /* Assets.xcassets */ = {isa = PBXFileReference; lastKnownFileType = folder.assetcatalog; path = Assets.xcassets; sourceTree = "<group>"; };
		E76A59CE1F2FD6E00061AE00 /* Base */ = {isa = PBXFileReference; lastKnownFileType = file.storyboard; name = Base; path = Base.lproj/LaunchScreen.storyboard; sourceTree = "<group>"; };
		E76A59D01F2FD6E00061AE00 /* Info.plist */ = {isa = PBXFileReference; lastKnownFileType = text.plist.xml; path = Info.plist; sourceTree = "<group>"; };
/* End PBXFileReference section */

/* Begin PBXFrameworksBuildPhase section */
		E76A59BE1F2FD6E00061AE00 /* Frameworks */ = {
			isa = PBXFrameworksBuildPhase;
			buildActionMask = 2147483647;
			files = (
			);
			runOnlyForDeploymentPostprocessing = 0;
		};
/* End PBXFrameworksBuildPhase section */

/* Begin PBXGroup section */
		E76A59B81F2FD6E00061AE00 = {
			isa = PBXGroup;
			children = (
				E76A59C31F2FD6E00061AE00 /* EnumMemoryLeak */,
				E76A59C21F2FD6E00061AE00 /* Products */,
			);
			sourceTree = "<group>";
		};
		E76A59C21F2FD6E00061AE00 /* Products */ = {
			isa = PBXGroup;
			children = (
				E76A59C11F2FD6E00061AE00 /* EnumMemoryLeak.app */,
			);
			name = Products;
			sourceTree = "<group>";
		};
		E76A59C31F2FD6E00061AE00 /* EnumMemoryLeak */ = {
			isa = PBXGroup;
			children = (
				E76A59C41F2FD6E00061AE00 /* AppDelegate.swift */,
				E76A59C61F2FD6E00061AE00 /* ViewController.swift */,
				E76A59C81F2FD6E00061AE00 /* Main.storyboard */,
				E76A59CB1F2FD6E00061AE00 /* Assets.xcassets */,
				E76A59CD1F2FD6E00061AE00 /* LaunchScreen.storyboard */,
				E76A59D01F2FD6E00061AE00 /* Info.plist */,
			);
			path = EnumMemoryLeak;
			sourceTree = "<group>";
		};
/* End PBXGroup section */

/* Begin PBXNativeTarget section */
		E76A59C01F2FD6E00061AE00 /* EnumMemoryLeak */ = {
			isa = PBXNativeTarget;
			buildConfigurationList = E76A59D31F2FD6E00061AE00 /* Build configuration list for PBXNativeTarget "EnumMemoryLeak" */;
			buildPhases = (
				E76A59BD1F2FD6E00061AE00 /* Sources */,
				E76A59BE1F2FD6E00061AE00 /* Frameworks */,
				E76A59BF1F2FD6E00061AE00 /* Resources */,
			);
			buildRules = (
			);
			dependencies = (
			);
			name = EnumMemoryLeak;
			productName = EnumMemoryLeak;
			productReference = E76A59C11F2FD6E00061AE00 /* EnumMemoryLeak.app */;
			productType = "com.apple.product-type.application";
		};
/* End PBXNativeTarget section */

/* Begin PBXProject section */
		E76A59B91F2FD6E00061AE00 /* Project object */ = {
			isa = PBXProject;
			attributes = {
				LastSwiftUpdateCheck = 0900;
				LastUpgradeCheck = 0900;
				ORGANIZATIONNAME = Giphy;
				TargetAttributes = {
					E76A59C01F2FD6E00061AE00 = {
						CreatedOnToolsVersion = 9.0;
					};
				};
			};
			buildConfigurationList = E76A59BC1F2FD6E00061AE00 /* Build configuration list for PBXProject "EnumMemoryLeak" */;
			compatibilityVersion = "Xcode 8.0";
			developmentRegion = en;
			hasScannedForEncodings = 0;
			knownRegions = (
				en,
				Base,
			);
			mainGroup = E76A59B81F2FD6E00061AE00;
			productRefGroup = E76A59C21F2FD6E00061AE00 /* Products */;
			projectDirPath = "";
			projectRoot = "";
			targets = (
				E76A59C01F2FD6E00061AE00 /* EnumMemoryLeak */,
			);
		};
/* End PBXProject section */

/* Begin PBXResourcesBuildPhase section */
		E76A59BF1F2FD6E00061AE00 /* Resources */ = {
			isa = PBXResourcesBuildPhase;
			buildActionMask = 2147483647;
			files = (
				E76A59CF1F2FD6E00061AE00 /* LaunchScreen.storyboard in Resources */,
				E76A59CC1F2FD6E00061AE00 /* Assets.xcassets in Resources */,
				E76A59CA1F2FD6E00061AE00 /* Main.storyboard in Resources */,
			);
			runOnlyForDeploymentPostprocessing = 0;
		};
/* End PBXResourcesBuildPhase section */

/* Begin PBXSourcesBuildPhase section */
		E76A59BD1F2FD6E00061AE00 /* Sources */ = {
			isa = PBXSourcesBuildPhase;
			buildActionMask = 2147483647;
			files = (
				E76A59C71F2FD6E00061AE00 /* ViewController.swift in Sources */,
				E76A59C51F2FD6E00061AE00 /* AppDelegate.swift in Sources */,
			);
			runOnlyForDeploymentPostprocessing = 0;
		};
/* End PBXSourcesBuildPhase section */

/* Begin PBXVariantGroup section */
		E76A59C81F2FD6E00061AE00 /* Main.storyboard */ = {
			isa = PBXVariantGroup;
			children = (
				E76A59C91F2FD6E00061AE00 /* Base */,
			);
			name = Main.storyboard;
			sourceTree = "<group>";
		};
		E76A59CD1F2FD6E00061AE00 /* LaunchScreen.storyboard */ = {
			isa = PBXVariantGroup;
			children = (
				E76A59CE1F2FD6E00061AE00 /* Base */,
			);
			name = LaunchScreen.storyboard;
			sourceTree = "<group>";
		};
/* End PBXVariantGroup section */

/* Begin XCBuildConfiguration section */
		E76A59D11F2FD6E00061AE00 /* Debug */ = {
			isa = XCBuildConfiguration;
			buildSettings = {
				ALWAYS_SEARCH_USER_PATHS = NO;
				CLANG_ANALYZER_NONNULL = YES;
				CLANG_ANALYZER_NUMBER_OBJECT_CONVERSION = YES_AGGRESSIVE;
				CLANG_CXX_LANGUAGE_STANDARD = "gnu++14";
				CLANG_CXX_LIBRARY = "libc++";
				CLANG_ENABLE_MODULES = YES;
				CLANG_ENABLE_OBJC_ARC = YES;
				CLANG_WARN_BLOCK_CAPTURE_AUTORELEASING = YES;
				CLANG_WARN_BOOL_CONVERSION = YES;
				CLANG_WARN_COMMA = YES;
				CLANG_WARN_CONSTANT_CONVERSION = YES;
				CLANG_WARN_DIRECT_OBJC_ISA_USAGE = YES_ERROR;
				CLANG_WARN_DOCUMENTATION_COMMENTS = YES;
				CLANG_WARN_EMPTY_BODY = YES;
				CLANG_WARN_ENUM_CONVERSION = YES;
				CLANG_WARN_INFINITE_RECURSION = YES;
				CLANG_WARN_INT_CONVERSION = YES;
				CLANG_WARN_NON_LITERAL_NULL_CONVERSION = YES;
				CLANG_WARN_OBJC_LITERAL_CONVERSION = YES;
				CLANG_WARN_OBJC_ROOT_CLASS = YES_ERROR;
				CLANG_WARN_RANGE_LOOP_ANALYSIS = YES;
				CLANG_WARN_STRICT_PROTOTYPES = YES;
				CLANG_WARN_SUSPICIOUS_MOVE = YES;
				CLANG_WARN_UNGUARDED_AVAILABILITY = YES_AGGRESSIVE;
				CLANG_WARN_UNREACHABLE_CODE = YES;
				CLANG_WARN__DUPLICATE_METHOD_MATCH = YES;
				CODE_SIGN_IDENTITY = "iPhone Developer";
				COPY_PHASE_STRIP = NO;
				DEBUG_INFORMATION_FORMAT = dwarf;
				ENABLE_STRICT_OBJC_MSGSEND = YES;
				ENABLE_TESTABILITY = YES;
				GCC_C_LANGUAGE_STANDARD = gnu11;
				GCC_DYNAMIC_NO_PIC = NO;
				GCC_NO_COMMON_BLOCKS = YES;
				GCC_OPTIMIZATION_LEVEL = 0;
				GCC_PREPROCESSOR_DEFINITIONS = (
					"DEBUG=1",
					"$(inherited)",
				);
				GCC_WARN_64_TO_32_BIT_CONVERSION = YES;
				GCC_WARN_ABOUT_RETURN_TYPE = YES_ERROR;
				GCC_WARN_UNDECLARED_SELECTOR = YES;
				GCC_WARN_UNINITIALIZED_AUTOS = YES_AGGRESSIVE;
				GCC_WARN_UNUSED_FUNCTION = YES;
				GCC_WARN_UNUSED_VARIABLE = YES;
				IPHONEOS_DEPLOYMENT_TARGET = 11.0;
				MTL_ENABLE_DEBUG_INFO = YES;
				ONLY_ACTIVE_ARCH = YES;
				SDKROOT = iphoneos;
				SWIFT_ACTIVE_COMPILATION_CONDITIONS = DEBUG;
				SWIFT_OPTIMIZATION_LEVEL = "-Onone";
			};
			name = Debug;
		};
		E76A59D21F2FD6E00061AE00 /* Release */ = {
			isa = XCBuildConfiguration;
			buildSettings = {
				ALWAYS_SEARCH_USER_PATHS = NO;
				CLANG_ANALYZER_NONNULL = YES;
				CLANG_ANALYZER_NUMBER_OBJECT_CONVERSION = YES_AGGRESSIVE;
				CLANG_CXX_LANGUAGE_STANDARD = "gnu++14";
				CLANG_CXX_LIBRARY = "libc++";
				CLANG_ENABLE_MODULES = YES;
				CLANG_ENABLE_OBJC_ARC = YES;
				CLANG_WARN_BLOCK_CAPTURE_AUTORELEASING = YES;
				CLANG_WARN_BOOL_CONVERSION = YES;
				CLANG_WARN_COMMA = YES;
				CLANG_WARN_CONSTANT_CONVERSION = YES;
				CLANG_WARN_DIRECT_OBJC_ISA_USAGE = YES_ERROR;
				CLANG_WARN_DOCUMENTATION_COMMENTS = YES;
				CLANG_WARN_EMPTY_BODY = YES;
				CLANG_WARN_ENUM_CONVERSION = YES;
				CLANG_WARN_INFINITE_RECURSION = YES;
				CLANG_WARN_INT_CONVERSION = YES;
				CLANG_WARN_NON_LITERAL_NULL_CONVERSION = YES;
				CLANG_WARN_OBJC_LITERAL_CONVERSION = YES;
				CLANG_WARN_OBJC_ROOT_CLASS = YES_ERROR;
				CLANG_WARN_RANGE_LOOP_ANALYSIS = YES;
				CLANG_WARN_STRICT_PROTOTYPES = YES;
				CLANG_WARN_SUSPICIOUS_MOVE = YES;
				CLANG_WARN_UNGUARDED_AVAILABILITY = YES_AGGRESSIVE;
				CLANG_WARN_UNREACHABLE_CODE = YES;
				CLANG_WARN__DUPLICATE_METHOD_MATCH = YES;
				CODE_SIGN_IDENTITY = "iPhone Developer";
				COPY_PHASE_STRIP = NO;
				DEBUG_INFORMATION_FORMAT = "dwarf-with-dsym";
				ENABLE_NS_ASSERTIONS = NO;
				ENABLE_STRICT_OBJC_MSGSEND = YES;
				GCC_C_LANGUAGE_STANDARD = gnu11;
				GCC_NO_COMMON_BLOCKS = YES;
				GCC_WARN_64_TO_32_BIT_CONVERSION = YES;
				GCC_WARN_ABOUT_RETURN_TYPE = YES_ERROR;
				GCC_WARN_UNDECLARED_SELECTOR = YES;
				GCC_WARN_UNINITIALIZED_AUTOS = YES_AGGRESSIVE;
				GCC_WARN_UNUSED_FUNCTION = YES;
				GCC_WARN_UNUSED_VARIABLE = YES;
				IPHONEOS_DEPLOYMENT_TARGET = 11.0;
				MTL_ENABLE_DEBUG_INFO = NO;
				SDKROOT = iphoneos;
				SWIFT_OPTIMIZATION_LEVEL = "-Owholemodule";
				VALIDATE_PRODUCT = YES;
			};
			name = Release;
		};
		E76A59D41F2FD6E00061AE00 /* Debug */ = {
			isa = XCBuildConfiguration;
			buildSettings = {
				ASSETCATALOG_COMPILER_APPICON_NAME = AppIcon;
				DEVELOPMENT_TEAM = 925PGC4MV7;
				INFOPLIST_FILE = EnumMemoryLeak/Info.plist;
				LD_RUNPATH_SEARCH_PATHS = "$(inherited) @executable_path/Frameworks";
				PRODUCT_BUNDLE_IDENTIFIER = com.giphy.EnumMemoryLeak;
				PRODUCT_NAME = "$(TARGET_NAME)";
				SWIFT_VERSION = 4.0;
				TARGETED_DEVICE_FAMILY = "1,2";
			};
			name = Debug;
		};
		E76A59D51F2FD6E00061AE00 /* Release */ = {
			isa = XCBuildConfiguration;
			buildSettings = {
				ASSETCATALOG_COMPILER_APPICON_NAME = AppIcon;
				DEVELOPMENT_TEAM = 925PGC4MV7;
				INFOPLIST_FILE = EnumMemoryLeak/Info.plist;
				LD_RUNPATH_SEARCH_PATHS = "$(inherited) @executable_path/Frameworks";
				PRODUCT_BUNDLE_IDENTIFIER = com.giphy.EnumMemoryLeak;
				PRODUCT_NAME = "$(TARGET_NAME)";
				SWIFT_VERSION = 4.0;
				TARGETED_DEVICE_FAMILY = "1,2";
			};
			name = Release;
		};
/* End XCBuildConfiguration section */

/* Begin XCConfigurationList section */
		E76A59BC1F2FD6E00061AE00 /* Build configuration list for PBXProject "EnumMemoryLeak" */ = {
			isa = XCConfigurationList;
			buildConfigurations = (
				E76A59D11F2FD6E00061AE00 /* Debug */,
				E76A59D21F2FD6E00061AE00 /* Release */,
			);
			defaultConfigurationIsVisible = 0;
			defaultConfigurationName = Release;
		};
		E76A59D31F2FD6E00061AE00 /* Build configuration list for PBXNativeTarget "EnumMemoryLeak" */ = {
			isa = XCConfigurationList;
			buildConfigurations = (
				E76A59D41F2FD6E00061AE00 /* Debug */,
				E76A59D51F2FD6E00061AE00 /* Release */,
			);
			defaultConfigurationIsVisible = 0;
			defaultConfigurationName = Release;
		};
/* End XCConfigurationList section */
	};
	rootObject = E76A59B91F2FD6E00061AE00 /* Project object */;
}
